Microsoft Visual Studio Solution File, Format Version 11.00
# Visual Studio 2010
Project("{FAE04EC0-301F-11D3-BF4B-00C04F79EFBC}") = "HessianCSharp", "HessianCSharp.csproj", "{981C2E02-11B4-49DA-A462-48C9AC1FD095}"
EndProject
Project("{FAE04EC0-301F-11D3-BF4B-00C04F79EFBC}") = "HessianClientTest", "ExamplesTests\HessianClientTest\HessianClientTest.csproj", "{19B2C16E-FCE6-416C-854E-1C5F8627C9F0}"
EndProject
Global
	GlobalSection(SolutionConfigurationPlatforms) = preSolution
		Debug|Any CPU = Debug|Any CPU
		Release|Any CPU = Release|Any CPU
	EndGlobalSection
	GlobalSection(ProjectConfigurationPlatforms) = postSolution
		{981C2E02-11B4-49DA-A462-48C9AC1FD095}.Debug|Any CPU.ActiveCfg = Release|Any CPU
		{981C2E02-11B4-49DA-A462-48C9AC1FD095}.Debug|Any CPU.Build.0 = Release|Any CPU
		{981C2E02-11B4-49DA-A462-48C9AC1FD095}.Release|Any CPU.ActiveCfg = Release|Any CPU
		{981C2E02-11B4-49DA-A462-48C9AC1FD095}.Release|Any CPU.Build.0 = Release|Any CPU
		{19B2C16E-FCE6-416C-854E-1C5F8627C9F0}.Debug|Any CPU.ActiveCfg = Debug|Any CPU
		{19B2C16E-FCE6-416C-854E-1C5F8627C9F0}.Debug|Any CPU.Build.0 = Debug|Any CPU
		{19B2C16E-FCE6-416C-854E-1C5F8627C9F0}.Release|Any CPU.ActiveCfg = Release|Any CPU
		{19B2C16E-FCE6-416C-854E-1C5F8627C9F0}.Release|Any CPU.Build.0 = Release|Any CPU
	EndGlobalSection
	GlobalSection(SolutionProperties) = preSolution
		HideSolutionNode = FALSE
	EndGlobalSection
EndGlobal
