
Microsoft Visual Studio Solution File, Format Version 9.00
# Visual Studio 2005
Project("{FAE04EC0-301F-11D3-BF4B-00C04F79EFBC}") = "Server", "Server.csproj", "{DBF7F358-374A-4CEA-A66C-4DC859FCB3B0}"
EndProject
Project("{FAE04EC0-301F-11D3-BF4B-00C04F79EFBC}") = "Client", "..\Client\Client.csproj", "{1D7C5B9B-7F64-4F8A-BA93-041315E13A51}"
EndProject
Global
	GlobalSection(SolutionConfigurationPlatforms) = preSolution
		Debug|Any CPU = Debug|Any CPU
		Release|Any CPU = Release|Any CPU
	EndGlobalSection
	GlobalSection(ProjectConfigurationPlatforms) = postSolution
		{DBF7F358-374A-4CEA-A66C-4DC859FCB3B0}.Debug|Any CPU.ActiveCfg = Debug|Any CPU
		{DBF7F358-374A-4CEA-A66C-4DC859FCB3B0}.Debug|Any CPU.Build.0 = Debug|Any CPU
		{DBF7F358-374A-4CEA-A66C-4DC859FCB3B0}.Release|Any CPU.ActiveCfg = Release|Any CPU
		{DBF7F358-374A-4CEA-A66C-4DC859FCB3B0}.Release|Any CPU.Build.0 = Release|Any CPU
		{1D7C5B9B-7F64-4F8A-BA93-041315E13A51}.Debug|Any CPU.ActiveCfg = Debug|Any CPU
		{1D7C5B9B-7F64-4F8A-BA93-041315E13A51}.Debug|Any CPU.Build.0 = Debug|Any CPU
		{1D7C5B9B-7F64-4F8A-BA93-041315E13A51}.Release|Any CPU.ActiveCfg = Release|Any CPU
		{1D7C5B9B-7F64-4F8A-BA93-041315E13A51}.Release|Any CPU.Build.0 = Release|Any CPU
	EndGlobalSection
	GlobalSection(SolutionProperties) = preSolution
		HideSolutionNode = FALSE
	EndGlobalSection
EndGlobal
